// !$*UTF8*$!
{
	archiveVersion = 1;
	classes = {
	};
	objectVersion = 56;
	objects = {

/* Begin PBXBuildFile section */
		3D0687F128FC3A6D00EFFFBA /* AppDelegate.swift in Sources */ = {isa = PBXBuildFile; fileRef = 3D0687F028FC3A6D00EFFFBA /* AppDelegate.swift */; };
		3D0687F528FC3A6E00EFFFBA /* Assets.xcassets in Resources */ = {isa = PBXBuildFile; fileRef = 3D0687F428FC3A6E00EFFFBA /* Assets.xcassets */; };
		3D06880428FC3B0D00EFFFBA /* TouchEvents.c in Sources */ = {isa = PBXBuildFile; fileRef = 3D06880328FC3B0D00EFFFBA /* TouchEvents.c */; };
		3D06880728FC3B4C00EFFFBA /* SwipeSimulator.swift in Sources */ = {isa = PBXBuildFile; fileRef = 3D06880628FC3B4C00EFFFBA /* SwipeSimulator.swift */; };
		3D06880928FC3B8200EFFFBA /* Licenses.txt in Resources */ = {isa = PBXBuildFile; fileRef = 3D06880828FC3B8200EFFFBA /* Licenses.txt */; };
		3D06880B28FC3D0900EFFFBA /* main.swift in Sources */ = {isa = PBXBuildFile; fileRef = 3D06880A28FC3D0800EFFFBA /* main.swift */; };
		3D20D345298EB4AE00D74D28 /* Localizable.strings in Resources */ = {isa = PBXBuildFile; fileRef = 3D20D347298EB4AE00D74D28 /* Localizable.strings */; };
		3D25277A28FCA303003BBABD /* PermissionView.swift in Sources */ = {isa = PBXBuildFile; fileRef = 3D25277928FCA303003BBABD /* PermissionView.swift */; };
/* End PBXBuildFile section */

/* Begin PBXFileReference section */
		3D0687ED28FC3A6D00EFFFBA /* SaneSideButtons.app */ = {isa = PBXFileReference; explicitFileType = wrapper.application; includeInIndex = 0; path = SaneSideButtons.app; sourceTree = BUILT_PRODUCTS_DIR; };
		3D0687F028FC3A6D00EFFFBA /* AppDelegate.swift */ = {isa = PBXFileReference; lastKnownFileType = sourcecode.swift; path = AppDelegate.swift; sourceTree = "<group>"; };
		3D0687F428FC3A6E00EFFFBA /* Assets.xcassets */ = {isa = PBXFileReference; lastKnownFileType = folder.assetcatalog; path = Assets.xcassets; sourceTree = "<group>"; };
		3D0687F928FC3A6E00EFFFBA /* SaneSideButtons.entitlements */ = {isa = PBXFileReference; lastKnownFileType = text.plist.entitlements; path = SaneSideButtons.entitlements; sourceTree = "<group>"; };
		3D06880028FC3AF000EFFFBA /* IOHIDEventData.h */ = {isa = PBXFileReference; lastKnownFileType = sourcecode.c.h; path = IOHIDEventData.h; sourceTree = "<group>"; };
		3D06880128FC3AFB00EFFFBA /* TouchEvents.h */ = {isa = PBXFileReference; lastKnownFileType = sourcecode.c.h; path = TouchEvents.h; sourceTree = "<group>"; };
		3D06880228FC3B0C00EFFFBA /* SaneSideButtons-Bridging-Header.h */ = {isa = PBXFileReference; lastKnownFileType = sourcecode.c.h; path = "SaneSideButtons-Bridging-Header.h"; sourceTree = "<group>"; };
		3D06880328FC3B0D00EFFFBA /* TouchEvents.c */ = {isa = PBXFileReference; fileEncoding = 4; lastKnownFileType = sourcecode.c.c; path = TouchEvents.c; sourceTree = "<group>"; };
		3D06880528FC3B1700EFFFBA /* IOHIDEventTypes.h */ = {isa = PBXFileReference; lastKnownFileType = sourcecode.c.h; path = IOHIDEventTypes.h; sourceTree = "<group>"; };
		3D06880628FC3B4C00EFFFBA /* SwipeSimulator.swift */ = {isa = PBXFileReference; lastKnownFileType = sourcecode.swift; path = SwipeSimulator.swift; sourceTree = "<group>"; };
		3D06880828FC3B8200EFFFBA /* Licenses.txt */ = {isa = PBXFileReference; fileEncoding = 4; lastKnownFileType = text; path = Licenses.txt; sourceTree = "<group>"; };
		3D06880A28FC3D0800EFFFBA /* main.swift */ = {isa = PBXFileReference; lastKnownFileType = sourcecode.swift; path = main.swift; sourceTree = "<group>"; };
		3D20D346298EB4AE00D74D28 /* en */ = {isa = PBXFileReference; lastKnownFileType = text.plist.strings; name = en; path = en.lproj/Localizable.strings; sourceTree = "<group>"; };
		3D25277928FCA303003BBABD /* PermissionView.swift */ = {isa = PBXFileReference; lastKnownFileType = sourcecode.swift; path = PermissionView.swift; sourceTree = "<group>"; };
/* End PBXFileReference section */

/* Begin PBXFrameworksBuildPhase section */
		3D0687EA28FC3A6D00EFFFBA /* Frameworks */ = {
			isa = PBXFrameworksBuildPhase;
			buildActionMask = 2147483647;
			files = (
			);
			runOnlyForDeploymentPostprocessing = 0;
		};
/* End PBXFrameworksBuildPhase section */

/* Begin PBXGroup section */
		3D0687E428FC3A6D00EFFFBA = {
			isa = PBXGroup;
			children = (
				3D0687EF28FC3A6D00EFFFBA /* SaneSideButtons */,
				3D0687FF28FC3AD700EFFFBA /* External */,
				3D0687EE28FC3A6D00EFFFBA /* Products */,
			);
			sourceTree = "<group>";
		};
		3D0687EE28FC3A6D00EFFFBA /* Products */ = {
			isa = PBXGroup;
			children = (
				3D0687ED28FC3A6D00EFFFBA /* SaneSideButtons.app */,
			);
			name = Products;
			sourceTree = "<group>";
		};
		3D0687EF28FC3A6D00EFFFBA /* SaneSideButtons */ = {
			isa = PBXGroup;
			children = (
				3D06880A28FC3D0800EFFFBA /* main.swift */,
				3D0687F028FC3A6D00EFFFBA /* AppDelegate.swift */,
				3D25277928FCA303003BBABD /* PermissionView.swift */,
				3D06880628FC3B4C00EFFFBA /* SwipeSimulator.swift */,
				3D06880828FC3B8200EFFFBA /* Licenses.txt */,
				3D0687F428FC3A6E00EFFFBA /* Assets.xcassets */,
				3D0687F928FC3A6E00EFFFBA /* SaneSideButtons.entitlements */,
				3D20D347298EB4AE00D74D28 /* Localizable.strings */,
			);
			path = SaneSideButtons;
			sourceTree = "<group>";
		};
		3D0687FF28FC3AD700EFFFBA /* External */ = {
			isa = PBXGroup;
			children = (
				3D06880228FC3B0C00EFFFBA /* SaneSideButtons-Bridging-Header.h */,
				3D06880128FC3AFB00EFFFBA /* TouchEvents.h */,
				3D06880328FC3B0D00EFFFBA /* TouchEvents.c */,
				3D06880528FC3B1700EFFFBA /* IOHIDEventTypes.h */,
				3D06880028FC3AF000EFFFBA /* IOHIDEventData.h */,
			);
			path = External;
			sourceTree = "<group>";
		};
/* End PBXGroup section */

/* Begin PBXNativeTarget section */
		3D0687EC28FC3A6D00EFFFBA /* SaneSideButtons */ = {
			isa = PBXNativeTarget;
			buildConfigurationList = 3D0687FC28FC3A6E00EFFFBA /* Build configuration list for PBXNativeTarget "SaneSideButtons" */;
			buildPhases = (
				3D06880C28FC3EA700EFFFBA /* ShellScript */,
				3D0687E928FC3A6D00EFFFBA /* Sources */,
				3D0687EA28FC3A6D00EFFFBA /* Frameworks */,
				3D0687EB28FC3A6D00EFFFBA /* Resources */,
			);
			buildRules = (
			);
			dependencies = (
			);
			name = SaneSideButtons;
			productName = SaneSideButtons;
			productReference = 3D0687ED28FC3A6D00EFFFBA /* SaneSideButtons.app */;
			productType = "com.apple.product-type.application";
		};
/* End PBXNativeTarget section */

/* Begin PBXProject section */
		3D0687E528FC3A6D00EFFFBA /* Project object */ = {
			isa = PBXProject;
			attributes = {
				BuildIndependentTargetsInParallel = 1;
				LastSwiftUpdateCheck = 1410;
				LastUpgradeCheck = 1420;
				TargetAttributes = {
					3D0687EC28FC3A6D00EFFFBA = {
						CreatedOnToolsVersion = 14.1;
						LastSwiftMigration = 1410;
					};
				};
			};
			buildConfigurationList = 3D0687E828FC3A6D00EFFFBA /* Build configuration list for PBXProject "SaneSideButtons" */;
			compatibilityVersion = "Xcode 14.0";
			developmentRegion = en;
			hasScannedForEncodings = 0;
			knownRegions = (
				en,
				Base,
			);
			mainGroup = 3D0687E428FC3A6D00EFFFBA;
			productRefGroup = 3D0687EE28FC3A6D00EFFFBA /* Products */;
			projectDirPath = "";
			projectRoot = "";
			targets = (
				3D0687EC28FC3A6D00EFFFBA /* SaneSideButtons */,
			);
		};
/* End PBXProject section */

/* Begin PBXResourcesBuildPhase section */
		3D0687EB28FC3A6D00EFFFBA /* Resources */ = {
			isa = PBXResourcesBuildPhase;
			buildActionMask = 2147483647;
			files = (
				3D06880928FC3B8200EFFFBA /* Licenses.txt in Resources */,
				3D20D345298EB4AE00D74D28 /* Localizable.strings in Resources */,
				3D0687F528FC3A6E00EFFFBA /* Assets.xcassets in Resources */,
			);
			runOnlyForDeploymentPostprocessing = 0;
		};
/* End PBXResourcesBuildPhase section */

/* Begin PBXShellScriptBuildPhase section */
		3D06880C28FC3EA700EFFFBA /* ShellScript */ = {
			isa = PBXShellScriptBuildPhase;
			alwaysOutOfDate = 1;
			buildActionMask = 2147483647;
			files = (
			);
			inputFileListPaths = (
			);
			inputPaths = (
			);
			outputFileListPaths = (
			);
			outputPaths = (
			);
			runOnlyForDeploymentPostprocessing = 0;
			shellPath = /bin/sh;
			shellScript = "export PATH=\"$PATH:/opt/homebrew/bin\"\nif which swiftlint > /dev/null; then\n  swiftlint\nelse\n  echo \"warning: SwiftLint not installed, download from https://github.com/realm/SwiftLint\"\nfi\n";
		};
/* End PBXShellScriptBuildPhase section */

/* Begin PBXSourcesBuildPhase section */
		3D0687E928FC3A6D00EFFFBA /* Sources */ = {
			isa = PBXSourcesBuildPhase;
			buildActionMask = 2147483647;
			files = (
				3D25277A28FCA303003BBABD /* PermissionView.swift in Sources */,
				3D06880B28FC3D0900EFFFBA /* main.swift in Sources */,
				3D0687F128FC3A6D00EFFFBA /* AppDelegate.swift in Sources */,
				3D06880428FC3B0D00EFFFBA /* TouchEvents.c in Sources */,
				3D06880728FC3B4C00EFFFBA /* SwipeSimulator.swift in Sources */,
			);
			runOnlyForDeploymentPostprocessing = 0;
		};
/* End PBXSourcesBuildPhase section */

/* Begin PBXVariantGroup section */
		3D20D347298EB4AE00D74D28 /* Localizable.strings */ = {
			isa = PBXVariantGroup;
			children = (
				3D20D346298EB4AE00D74D28 /* en */,
			);
			name = Localizable.strings;
			sourceTree = "<group>";
		};
/* End PBXVariantGroup section */

/* Begin XCBuildConfiguration section */
		3D0687FA28FC3A6E00EFFFBA /* Debug */ = {
			isa = XCBuildConfiguration;
			buildSettings = {
				ALWAYS_SEARCH_USER_PATHS = NO;
				CLANG_ANALYZER_NONNULL = YES;
				CLANG_ANALYZER_NUMBER_OBJECT_CONVERSION = YES_AGGRESSIVE;
				CLANG_CXX_LANGUAGE_STANDARD = "gnu++20";
				CLANG_ENABLE_MODULES = YES;
				CLANG_ENABLE_OBJC_ARC = YES;
				CLANG_ENABLE_OBJC_WEAK = YES;
				CLANG_WARN_BLOCK_CAPTURE_AUTORELEASING = YES;
				CLANG_WARN_BOOL_CONVERSION = YES;
				CLANG_WARN_COMMA = YES;
				CLANG_WARN_CONSTANT_CONVERSION = YES;
				CLANG_WARN_DEPRECATED_OBJC_IMPLEMENTATIONS = YES;
				CLANG_WARN_DIRECT_OBJC_ISA_USAGE = YES_ERROR;
				CLANG_WARN_DOCUMENTATION_COMMENTS = YES;
				CLANG_WARN_EMPTY_BODY = YES;
				CLANG_WARN_ENUM_CONVERSION = YES;
				CLANG_WARN_INFINITE_RECURSION = YES;
				CLANG_WARN_INT_CONVERSION = YES;
				CLANG_WARN_NON_LITERAL_NULL_CONVERSION = YES;
				CLANG_WARN_OBJC_IMPLICIT_RETAIN_SELF = YES;
				CLANG_WARN_OBJC_LITERAL_CONVERSION = YES;
				CLANG_WARN_OBJC_ROOT_CLASS = YES_ERROR;
				CLANG_WARN_QUOTED_INCLUDE_IN_FRAMEWORK_HEADER = YES;
				CLANG_WARN_RANGE_LOOP_ANALYSIS = YES;
				CLANG_WARN_STRICT_PROTOTYPES = YES;
				CLANG_WARN_SUSPICIOUS_MOVE = YES;
				CLANG_WARN_UNGUARDED_AVAILABILITY = YES_AGGRESSIVE;
				CLANG_WARN_UNREACHABLE_CODE = YES;
				CLANG_WARN__DUPLICATE_METHOD_MATCH = YES;
				COPY_PHASE_STRIP = NO;
				DEAD_CODE_STRIPPING = YES;
				DEBUG_INFORMATION_FORMAT = dwarf;
				ENABLE_STRICT_OBJC_MSGSEND = YES;
				ENABLE_TESTABILITY = YES;
				GCC_C_LANGUAGE_STANDARD = gnu11;
				GCC_DYNAMIC_NO_PIC = NO;
				GCC_NO_COMMON_BLOCKS = YES;
				GCC_OPTIMIZATION_LEVEL = 0;
				GCC_PREPROCESSOR_DEFINITIONS = (
					"DEBUG=1",
					"$(inherited)",
				);
				GCC_WARN_64_TO_32_BIT_CONVERSION = YES;
				GCC_WARN_ABOUT_RETURN_TYPE = YES_ERROR;
				GCC_WARN_UNDECLARED_SELECTOR = YES;
				GCC_WARN_UNINITIALIZED_AUTOS = YES_AGGRESSIVE;
				GCC_WARN_UNUSED_FUNCTION = YES;
				GCC_WARN_UNUSED_VARIABLE = YES;
				MACOSX_DEPLOYMENT_TARGET = 13.0;
				MTL_ENABLE_DEBUG_INFO = INCLUDE_SOURCE;
				MTL_FAST_MATH = YES;
				ONLY_ACTIVE_ARCH = YES;
				SDKROOT = macosx;
				SWIFT_ACTIVE_COMPILATION_CONDITIONS = DEBUG;
				SWIFT_OPTIMIZATION_LEVEL = "-Onone";
			};
			name = Debug;
		};
		3D0687FB28FC3A6E00EFFFBA /* Release */ = {
			isa = XCBuildConfiguration;
			buildSettings = {
				ALWAYS_SEARCH_USER_PATHS = NO;
				CLANG_ANALYZER_NONNULL = YES;
				CLANG_ANALYZER_NUMBER_OBJECT_CONVERSION = YES_AGGRESSIVE;
				CLANG_CXX_LANGUAGE_STANDARD = "gnu++20";
				CLANG_ENABLE_MODULES = YES;
				CLANG_ENABLE_OBJC_ARC = YES;
				CLANG_ENABLE_OBJC_WEAK = YES;
				CLANG_WARN_BLOCK_CAPTURE_AUTORELEASING = YES;
				CLANG_WARN_BOOL_CONVERSION = YES;
				CLANG_WARN_COMMA = YES;
				CLANG_WARN_CONSTANT_CONVERSION = YES;
				CLANG_WARN_DEPRECATED_OBJC_IMPLEMENTATIONS = YES;
				CLANG_WARN_DIRECT_OBJC_ISA_USAGE = YES_ERROR;
				CLANG_WARN_DOCUMENTATION_COMMENTS = YES;
				CLANG_WARN_EMPTY_BODY = YES;
				CLANG_WARN_ENUM_CONVERSION = YES;
				CLANG_WARN_INFINITE_RECURSION = YES;
				CLANG_WARN_INT_CONVERSION = YES;
				CLANG_WARN_NON_LITERAL_NULL_CONVERSION = YES;
				CLANG_WARN_OBJC_IMPLICIT_RETAIN_SELF = YES;
				CLANG_WARN_OBJC_LITERAL_CONVERSION = YES;
				CLANG_WARN_OBJC_ROOT_CLASS = YES_ERROR;
				CLANG_WARN_QUOTED_INCLUDE_IN_FRAMEWORK_HEADER = YES;
				CLANG_WARN_RANGE_LOOP_ANALYSIS = YES;
				CLANG_WARN_STRICT_PROTOTYPES = YES;
				CLANG_WARN_SUSPICIOUS_MOVE = YES;
				CLANG_WARN_UNGUARDED_AVAILABILITY = YES_AGGRESSIVE;
				CLANG_WARN_UNREACHABLE_CODE = YES;
				CLANG_WARN__DUPLICATE_METHOD_MATCH = YES;
				COPY_PHASE_STRIP = NO;
				DEAD_CODE_STRIPPING = YES;
				DEBUG_INFORMATION_FORMAT = "dwarf-with-dsym";
				ENABLE_NS_ASSERTIONS = NO;
				ENABLE_STRICT_OBJC_MSGSEND = YES;
				GCC_C_LANGUAGE_STANDARD = gnu11;
				GCC_NO_COMMON_BLOCKS = YES;
				GCC_WARN_64_TO_32_BIT_CONVERSION = YES;
				GCC_WARN_ABOUT_RETURN_TYPE = YES_ERROR;
				GCC_WARN_UNDECLARED_SELECTOR = YES;
				GCC_WARN_UNINITIALIZED_AUTOS = YES_AGGRESSIVE;
				GCC_WARN_UNUSED_FUNCTION = YES;
				GCC_WARN_UNUSED_VARIABLE = YES;
				MACOSX_DEPLOYMENT_TARGET = 13.0;
				MTL_ENABLE_DEBUG_INFO = NO;
				MTL_FAST_MATH = YES;
				SDKROOT = macosx;
				SWIFT_COMPILATION_MODE = wholemodule;
				SWIFT_OPTIMIZATION_LEVEL = "-O";
			};
			name = Release;
		};
		3D0687FD28FC3A6E00EFFFBA /* Debug */ = {
			isa = XCBuildConfiguration;
			buildSettings = {
				ASSETCATALOG_COMPILER_APPICON_NAME = AppIcon;
				ASSETCATALOG_COMPILER_GLOBAL_ACCENT_COLOR_NAME = AccentColor;
				CLANG_ENABLE_MODULES = YES;
				CODE_SIGN_ENTITLEMENTS = SaneSideButtons/SaneSideButtons.entitlements;
				CODE_SIGN_IDENTITY = "-";
				CODE_SIGN_STYLE = Automatic;
				COMBINE_HIDPI_IMAGES = YES;
				CURRENT_PROJECT_VERSION = 18;
				DEAD_CODE_STRIPPING = YES;
				DEVELOPMENT_TEAM = B7HSFEB698;
				ENABLE_HARDENED_RUNTIME = YES;
				GENERATE_INFOPLIST_FILE = YES;
				INFOPLIST_KEY_LSApplicationCategoryType = "public.app-category.utilities";
				INFOPLIST_KEY_LSUIElement = YES;
				INFOPLIST_KEY_NSHumanReadableCopyright = "Copyright © 2023 Jan Hülsmann. All rights reserved.";
				INFOPLIST_KEY_NSPrincipalClass = NSApplication;
				LD_RUNPATH_SEARCH_PATHS = (
					"$(inherited)",
					"@executable_path/../Frameworks",
				);
				MACOSX_DEPLOYMENT_TARGET = 13.0;
				MARKETING_VERSION = 1.2.0;
				PRODUCT_BUNDLE_IDENTIFIER = com.janhuelsmann.SaneSideButtons;
				PRODUCT_NAME = "$(TARGET_NAME)";
				SWIFT_EMIT_LOC_STRINGS = YES;
				SWIFT_OBJC_BRIDGING_HEADER = "External/SaneSideButtons-Bridging-Header.h";
				SWIFT_OPTIMIZATION_LEVEL = "-Onone";
				SWIFT_STRICT_CONCURRENCY = targeted;
				SWIFT_VERSION = 5.0;
			};
			name = Debug;
		};
		3D0687FE28FC3A6E00EFFFBA /* Release */ = {
			isa = XCBuildConfiguration;
			buildSettings = {
				ASSETCATALOG_COMPILER_APPICON_NAME = AppIcon;
				ASSETCATALOG_COMPILER_GLOBAL_ACCENT_COLOR_NAME = AccentColor;
				CLANG_ENABLE_MODULES = YES;
				CODE_SIGN_ENTITLEMENTS = SaneSideButtons/SaneSideButtons.entitlements;
				CODE_SIGN_IDENTITY = "-";
				CODE_SIGN_STYLE = Automatic;
				COMBINE_HIDPI_IMAGES = YES;
				CURRENT_PROJECT_VERSION = 18;
				DEAD_CODE_STRIPPING = YES;
				DEVELOPMENT_TEAM = B7HSFEB698;
				ENABLE_HARDENED_RUNTIME = YES;
				GENERATE_INFOPLIST_FILE = YES;
				INFOPLIST_KEY_LSApplicationCategoryType = "public.app-category.utilities";
				INFOPLIST_KEY_LSUIElement = YES;
				INFOPLIST_KEY_NSHumanReadableCopyright = "Copyright © 2023 Jan Hülsmann. All rights reserved.";
				INFOPLIST_KEY_NSPrincipalClass = NSApplication;
				LD_RUNPATH_SEARCH_PATHS = (
					"$(inherited)",
					"@executable_path/../Frameworks",
				);
				MACOSX_DEPLOYMENT_TARGET = 13.0;
				MARKETING_VERSION = 1.2.0;
				PRODUCT_BUNDLE_IDENTIFIER = com.janhuelsmann.SaneSideButtons;
				PRODUCT_NAME = "$(TARGET_NAME)";
				SWIFT_EMIT_LOC_STRINGS = YES;
				SWIFT_OBJC_BRIDGING_HEADER = "External/SaneSideButtons-Bridging-Header.h";
				SWIFT_STRICT_CONCURRENCY = targeted;
				SWIFT_VERSION = 5.0;
			};
			name = Release;
		};
/* End XCBuildConfiguration section */

/* Begin XCConfigurationList section */
		3D0687E828FC3A6D00EFFFBA /* Build configuration list for PBXProject "SaneSideButtons" */ = {
			isa = XCConfigurationList;
			buildConfigurations = (
				3D0687FA28FC3A6E00EFFFBA /* Debug */,
				3D0687FB28FC3A6E00EFFFBA /* Release */,
			);
			defaultConfigurationIsVisible = 0;
			defaultConfigurationName = Release;
		};
		3D0687FC28FC3A6E00EFFFBA /* Build configuration list for PBXNativeTarget "SaneSideButtons" */ = {
			isa = XCConfigurationList;
			buildConfigurations = (
				3D0687FD28FC3A6E00EFFFBA /* Debug */,
				3D0687FE28FC3A6E00EFFFBA /* Release */,
			);
			defaultConfigurationIsVisible = 0;
			defaultConfigurationName = Release;
		};
/* End XCConfigurationList section */
	};
	rootObject = 3D0687E528FC3A6D00EFFFBA /* Project object */;
}
